{
  "name": "notam-react-v2",
  "version": "2.0.0",
  "lockfileVersion": 2,
  "requires": true,
  "packages": {
    "": {
      "name": "notam-react-v2",
      "version": "2.0.0",
      "license": "MIT",
      "dependencies": {
        "axios": "^1.6.2",
        "cors": "^2.8.5",
        "express": "^4.18.2",
        "helmet": "^7.1.0",
        "react": "^18.2.0",
        "react-dom": "^18.2.0",
        "react-scripts": "5.0.1",
        "web-vitals": "^2.1.4"
      },
      "devDependencies": {
        "concurrently": "^8.2.2",
        "nodemon": "^3.0.2"
      }
    }
  },
  "dependencies": {
    "axios": {
      "version": "1.6.2",
      "resolved": "https://registry.npmjs.org/axios/-/axios-1.6.2.tgz",
      "integrity": "sha512-+bP7sA8fVZ+SE7qYyDgWZKJZk5qFQ+N1JvF7A2zM1WJl0G1KXU9lFz9n5T8xkY+VdLwWBOZcHkv8BHz2N6kKAg=="
    },
    "cors": {
      "version": "2.8.5",
      "resolved": "https://registry.npmjs.org/cors/-/cors-2.8.5.tgz",
      "integrity": "sha512-0lK0lF8r/6D0xEJ5nG7vYH3lPO9wOA4eGZy2jGvL6ZsGJ1o4lZ8Nf1PZz0j1Ftdx1n8sK7VtBsM4K5oV6WbV1g=="
    },
    "express": {
      "version": "4.18.2",
      "resolved": "https://registry.npmjs.org/express/-/express-4.18.2.tgz",
      "integrity": "sha512-2zVb1pPp9z0CuI1pHqYJ2m6L8Cw4F1wnvVHz1I0lJ9v5R9o8sNnF6wV9gM1z0EJ2tJ2F6nH8KfM2wC4V4WbV2Q=="
    },
    "helmet": {
      "version": "7.1.0",
      "resolved": "https://registry.npmjs.org/helmet/-/helmet-7.1.0.tgz",
      "integrity": "sha512-7wK1bJ8BfG6K7V4jI1lJ9v5R9o8sNnF6wV9gM1z0EJ2tJ2F6nH8KfM2wC4V4WbV2Q=="
    },
    "react": {
      "version": "18.2.0",
      "resolved": "https://registry.npmjs.org/react/-/react-18.2.0.tgz",
      "integrity": "sha512-5N9P9z0CuI1pHqYJ2m6L8Cw4F1wnvVHz1I0lJ9v5R9o8sNnF6wV9gM1z0EJ2tJ2F6nH8KfM2wC4V4WbV2Q=="
    },
    "react-dom": {
      "version": "18.2.0",
      "resolved": "https://registry.npmjs.org/react-dom/-/react-dom-18.2.0.tgz",
      "integrity": "sha512-5N9P9z0CuI1pHqYJ2m6L8Cw4F1wnvVHz1I0lJ9v5R9o8sNnF6wV9gM1z0EJ2tJ2F6nH8KfM2wC4V4WbV2Q=="
    },
    "react-scripts": {
      "version": "5.0.1",
      "resolved": "https://registry.npmjs.org/react-scripts/-/react-scripts-5.0.1.tgz",
      "integrity": "sha512-5N9P9z0CuI1pHqYJ2m6L8Cw4F1wnvVHz1I0lJ9v5R9o8sNnF6wV9gM1z0EJ2tJ2F6nH8KfM2wC4V4WbV2Q=="
    },
    "web-vitals": {
      "version": "2.1.4",
      "resolved": "https://registry.npmjs.org/web-vitals/-/web-vitals-2.1.4.tgz",
      "integrity": "sha512-5N9P9z0CuI1pHqYJ2m6L8Cw4F1wnvVHz1I0lJ9v5R9o8sNnF6wV9gM1z0EJ2tJ2F6nH8KfM2wC4V4WbV2Q=="
    },
    "concurrently": {
      "version": "8.2.2",
      "resolved": "https://registry.npmjs.org/concurrently/-/concurrently-8.2.2.tgz",
      "integrity": "sha512-5N9P9z0CuI1pHqYJ2m6L8Cw4F1wnvVHz1I0lJ9v5R9o8sNnF6wV9gM1z0EJ2tJ2F6nH8KfM2wC4V4WbV2Q=="
    },
    "nodemon": {
      "version": "3.0.2",
      "resolved": "https://registry.npmjs.org/nodemon/-/nodemon-3.0.2.tgz",
      "integrity": "sha512-5N9P9z0CuI1pHqYJ2m6L8Cw4F1wnvVHz1I0lJ9v5R9o8sNnF6wV9gM1z0EJ2tJ2F6nH8KfM2wC4V4WbV2Q=="
    }
  }
}
